
Microsoft Visual Studio Solution File, Format Version 12.00
# Visual Studio Version 17
VisualStudioVersion = 17.14.36414.22
MinimumVisualStudioVersion = 10.0.40219.1
Project("{FAE04EC0-301F-11D3-BF4B-00C04F79EFBC}") = "WinForms Ex P-36 (Step)", "WinForms Ex P-36 (Step)\WinForms Ex P-36 (Step).csproj", "{346A75F4-D0E3-468E-99AC-234D334F404B}"
EndProject
Project("{FAE04EC0-301F-11D3-BF4B-00C04F79EFBC}") = "First Demo", "First Demo\First Demo.csproj", "{4342932C-62F9-4BB5-A972-1277937972DE}"
EndProject
Project("{FAE04EC0-301F-11D3-BF4B-00C04F79EFBC}") = "Calc demo", "Calc demo\Calc demo.csproj", "{0FD585DD-D741-4CC5-9549-80897D463FF9}"
EndProject
Project("{FAE04EC0-301F-11D3-BF4B-00C04F79EFBC}") = "RadioButtons Demo", "RadioButtons Demo\RadioButtons Demo.csproj", "{1A0FD388-C9E1-446A-9A15-61D5F81F027F}"
EndProject
Project("{FAE04EC0-301F-11D3-BF4B-00C04F79EFBC}") = "Listbox demo", "Listbox demo\Listbox demo.csproj", "{064BB16C-9329-4990-BC03-8E0595A7BC32}"
EndProject
Project("{FAE04EC0-301F-11D3-BF4B-00C04F79EFBC}") = "Listbox Datasource demo", "Listbox Datasource demo\Listbox Datasource demo.csproj", "{BC0D2400-AF19-4AB7-9020-47610513FE8B}"
EndProject
Project("{FAE04EC0-301F-11D3-BF4B-00C04F79EFBC}") = "Combobox demo", "Combobox demo\Combobox demo.csproj", "{39CE21DC-9406-4B1A-9957-CCE7A3202FC6}"
EndProject
Project("{2150E333-8FDC-42A3-9474-1A3956D46DE8}") = "Listbox & Combo", "Listbox & Combo", "{02EA681E-C7D8-13C7-8484-4AC65E1B71E8}"
EndProject
Project("{2150E333-8FDC-42A3-9474-1A3956D46DE8}") = "Intro", "Intro", "{5A44D5AF-B4F8-4DE0-AF15-32B9AAB3F67C}"
EndProject
Project("{FAE04EC0-301F-11D3-BF4B-00C04F79EFBC}") = "Listbox Start demo", "Listbox Start demo\Listbox Start demo.csproj", "{AA1B73F4-3424-47B2-9473-8F48E9EDCF2D}"
EndProject
Global
	GlobalSection(SolutionConfigurationPlatforms) = preSolution
		Debug|Any CPU = Debug|Any CPU
		Release|Any CPU = Release|Any CPU
	EndGlobalSection
	GlobalSection(ProjectConfigurationPlatforms) = postSolution
		{346A75F4-D0E3-468E-99AC-234D334F404B}.Debug|Any CPU.ActiveCfg = Debug|Any CPU
		{346A75F4-D0E3-468E-99AC-234D334F404B}.Debug|Any CPU.Build.0 = Debug|Any CPU
		{346A75F4-D0E3-468E-99AC-234D334F404B}.Release|Any CPU.ActiveCfg = Release|Any CPU
		{346A75F4-D0E3-468E-99AC-234D334F404B}.Release|Any CPU.Build.0 = Release|Any CPU
		{4342932C-62F9-4BB5-A972-1277937972DE}.Debug|Any CPU.ActiveCfg = Debug|Any CPU
		{4342932C-62F9-4BB5-A972-1277937972DE}.Debug|Any CPU.Build.0 = Debug|Any CPU
		{4342932C-62F9-4BB5-A972-1277937972DE}.Release|Any CPU.ActiveCfg = Release|Any CPU
		{4342932C-62F9-4BB5-A972-1277937972DE}.Release|Any CPU.Build.0 = Release|Any CPU
		{0FD585DD-D741-4CC5-9549-80897D463FF9}.Debug|Any CPU.ActiveCfg = Debug|Any CPU
		{0FD585DD-D741-4CC5-9549-80897D463FF9}.Debug|Any CPU.Build.0 = Debug|Any CPU
		{0FD585DD-D741-4CC5-9549-80897D463FF9}.Release|Any CPU.ActiveCfg = Release|Any CPU
		{0FD585DD-D741-4CC5-9549-80897D463FF9}.Release|Any CPU.Build.0 = Release|Any CPU
		{1A0FD388-C9E1-446A-9A15-61D5F81F027F}.Debug|Any CPU.ActiveCfg = Debug|Any CPU
		{1A0FD388-C9E1-446A-9A15-61D5F81F027F}.Debug|Any CPU.Build.0 = Debug|Any CPU
		{1A0FD388-C9E1-446A-9A15-61D5F81F027F}.Release|Any CPU.ActiveCfg = Release|Any CPU
		{1A0FD388-C9E1-446A-9A15-61D5F81F027F}.Release|Any CPU.Build.0 = Release|Any CPU
		{064BB16C-9329-4990-BC03-8E0595A7BC32}.Debug|Any CPU.ActiveCfg = Debug|Any CPU
		{064BB16C-9329-4990-BC03-8E0595A7BC32}.Debug|Any CPU.Build.0 = Debug|Any CPU
		{064BB16C-9329-4990-BC03-8E0595A7BC32}.Release|Any CPU.ActiveCfg = Release|Any CPU
		{064BB16C-9329-4990-BC03-8E0595A7BC32}.Release|Any CPU.Build.0 = Release|Any CPU
		{BC0D2400-AF19-4AB7-9020-47610513FE8B}.Debug|Any CPU.ActiveCfg = Debug|Any CPU
		{BC0D2400-AF19-4AB7-9020-47610513FE8B}.Debug|Any CPU.Build.0 = Debug|Any CPU
		{BC0D2400-AF19-4AB7-9020-47610513FE8B}.Release|Any CPU.ActiveCfg = Release|Any CPU
		{BC0D2400-AF19-4AB7-9020-47610513FE8B}.Release|Any CPU.Build.0 = Release|Any CPU
		{39CE21DC-9406-4B1A-9957-CCE7A3202FC6}.Debug|Any CPU.ActiveCfg = Debug|Any CPU
		{39CE21DC-9406-4B1A-9957-CCE7A3202FC6}.Debug|Any CPU.Build.0 = Debug|Any CPU
		{39CE21DC-9406-4B1A-9957-CCE7A3202FC6}.Release|Any CPU.ActiveCfg = Release|Any CPU
		{39CE21DC-9406-4B1A-9957-CCE7A3202FC6}.Release|Any CPU.Build.0 = Release|Any CPU
		{AA1B73F4-3424-47B2-9473-8F48E9EDCF2D}.Debug|Any CPU.ActiveCfg = Debug|Any CPU
		{AA1B73F4-3424-47B2-9473-8F48E9EDCF2D}.Debug|Any CPU.Build.0 = Debug|Any CPU
		{AA1B73F4-3424-47B2-9473-8F48E9EDCF2D}.Release|Any CPU.ActiveCfg = Release|Any CPU
		{AA1B73F4-3424-47B2-9473-8F48E9EDCF2D}.Release|Any CPU.Build.0 = Release|Any CPU
	EndGlobalSection
	GlobalSection(SolutionProperties) = preSolution
		HideSolutionNode = FALSE
	EndGlobalSection
	GlobalSection(NestedProjects) = preSolution
		{346A75F4-D0E3-468E-99AC-234D334F404B} = {5A44D5AF-B4F8-4DE0-AF15-32B9AAB3F67C}
		{4342932C-62F9-4BB5-A972-1277937972DE} = {5A44D5AF-B4F8-4DE0-AF15-32B9AAB3F67C}
		{0FD585DD-D741-4CC5-9549-80897D463FF9} = {5A44D5AF-B4F8-4DE0-AF15-32B9AAB3F67C}
		{1A0FD388-C9E1-446A-9A15-61D5F81F027F} = {5A44D5AF-B4F8-4DE0-AF15-32B9AAB3F67C}
		{064BB16C-9329-4990-BC03-8E0595A7BC32} = {02EA681E-C7D8-13C7-8484-4AC65E1B71E8}
		{BC0D2400-AF19-4AB7-9020-47610513FE8B} = {02EA681E-C7D8-13C7-8484-4AC65E1B71E8}
		{39CE21DC-9406-4B1A-9957-CCE7A3202FC6} = {02EA681E-C7D8-13C7-8484-4AC65E1B71E8}
	EndGlobalSection
	GlobalSection(ExtensibilityGlobals) = postSolution
		SolutionGuid = {49ED7D03-1BEA-448A-8404-A1C1CF318B84}
	EndGlobalSection
EndGlobal
