
Microsoft Visual Studio Solution File, Format Version 12.00
# Visual Studio Version 17
VisualStudioVersion = 17.14.36414.22
MinimumVisualStudioVersion = 10.0.40219.1
Project("{FAE04EC0-301F-11D3-BF4B-00C04F79EFBC}") = "WinForms Ex P-36 (Step)", "WinForms Ex P-36 (Step)\WinForms Ex P-36 (Step).csproj", "{346A75F4-D0E3-468E-99AC-234D334F404B}"
EndProject
Project("{FAE04EC0-301F-11D3-BF4B-00C04F79EFBC}") = "First Demo", "First Demo\First Demo.csproj", "{4342932C-62F9-4BB5-A972-1277937972DE}"
EndProject
Project("{FAE04EC0-301F-11D3-BF4B-00C04F79EFBC}") = "Calc demo", "Calc demo\Calc demo.csproj", "{0FD585DD-D741-4CC5-9549-80897D463FF9}"
EndProject
Global
	GlobalSection(SolutionConfigurationPlatforms) = preSolution
		Debug|Any CPU = Debug|Any CPU
		Release|Any CPU = Release|Any CPU
	EndGlobalSection
	GlobalSection(ProjectConfigurationPlatforms) = postSolution
		{346A75F4-D0E3-468E-99AC-234D334F404B}.Debug|Any CPU.ActiveCfg = Debug|Any CPU
		{346A75F4-D0E3-468E-99AC-234D334F404B}.Debug|Any CPU.Build.0 = Debug|Any CPU
		{346A75F4-D0E3-468E-99AC-234D334F404B}.Release|Any CPU.ActiveCfg = Release|Any CPU
		{346A75F4-D0E3-468E-99AC-234D334F404B}.Release|Any CPU.Build.0 = Release|Any CPU
		{4342932C-62F9-4BB5-A972-1277937972DE}.Debug|Any CPU.ActiveCfg = Debug|Any CPU
		{4342932C-62F9-4BB5-A972-1277937972DE}.Debug|Any CPU.Build.0 = Debug|Any CPU
		{4342932C-62F9-4BB5-A972-1277937972DE}.Release|Any CPU.ActiveCfg = Release|Any CPU
		{4342932C-62F9-4BB5-A972-1277937972DE}.Release|Any CPU.Build.0 = Release|Any CPU
		{0FD585DD-D741-4CC5-9549-80897D463FF9}.Debug|Any CPU.ActiveCfg = Debug|Any CPU
		{0FD585DD-D741-4CC5-9549-80897D463FF9}.Debug|Any CPU.Build.0 = Debug|Any CPU
		{0FD585DD-D741-4CC5-9549-80897D463FF9}.Release|Any CPU.ActiveCfg = Release|Any CPU
		{0FD585DD-D741-4CC5-9549-80897D463FF9}.Release|Any CPU.Build.0 = Release|Any CPU
	EndGlobalSection
	GlobalSection(SolutionProperties) = preSolution
		HideSolutionNode = FALSE
	EndGlobalSection
	GlobalSection(ExtensibilityGlobals) = postSolution
		SolutionGuid = {49ED7D03-1BEA-448A-8404-A1C1CF318B84}
	EndGlobalSection
EndGlobal
